{
  "nodes": {
    "nixpkgs": {
      "locked": {
        "lastModified": 1664411713,
        "narHash": "sha256-LJ3KJ7fy0o3nmriE9QtgPiMqj39Vrll9ag1aQcQj7Yg=",
        "owner": "NixOS",
        "repo": "nixpkgs",
        "rev": "56e626be76595b4d41a8d7e674493d3700a77a8e",
        "type": "github"
      },
      "original": {
        "owner": "NixOS",
        "ref": "master",
        "repo": "nixpkgs",
        "type": "github"
      }
    },
    "root": {
      "inputs": {
        "nixpkgs": "nixpkgs"
      }
    }
  },
  "root": "root",
  "version": 7
}
