{
  "nodes": {
    "nixpkgs": {
      "locked": {
        "lastModified": 1678289756,
        "narHash": "sha256-TLPXujJ+CE0sMDAHJdseYvo2cptQXoS2jOhkKzLiAmg=",
        "owner": "NixOS",
        "repo": "nixpkgs",
        "rev": "23b0152ffb23ff5254b432d034742a9526b23fb1",
        "type": "github"
      },
      "original": {
        "owner": "NixOS",
        "ref": "master",
        "repo": "nixpkgs",
        "type": "github"
      }
    },
    "root": {
      "inputs": {
        "nixpkgs": "nixpkgs"
      }
    }
  },
  "root": "root",
  "version": 7
}
